
Microsoft Visual Studio Solution File, Format Version 12.00
# Visual Studio Version 17
VisualStudioVersion = 17.7.34003.232
MinimumVisualStudioVersion = 10.0.40219.1
Project("{FAE04EC0-301F-11D3-BF4B-00C04F79EFBC}") = "TestMentor.Api", "TestMentor.Api\TestMentor.Api.csproj", "{E949AC63-0666-47B1-86DE-AE96DBFDE474}"
EndProject
Project("{FAE04EC0-301F-11D3-BF4B-00C04F79EFBC}") = "TestMentor.Application", "TestMentor.Application\TestMentor.Application.csproj", "{60CD3C4B-166C-4334-A31D-F76A856FA0D9}"
EndProject
Project("{FAE04EC0-301F-11D3-BF4B-00C04F79EFBC}") = "TestMentor.Domain", "TestMentor.Domain\TestMentor.Domain.csproj", "{D8FC167F-CDA6-483D-B1CF-69DF370064AE}"
EndProject
Project("{FAE04EC0-301F-11D3-BF4B-00C04F79EFBC}") = "TestMentor.Infrastructure", "TestMentor.Infrastructure\TestMentor.Infrastructure.csproj", "{282426EB-0A4C-41A2-B8B9-FB02F4531FD4}"
EndProject
Global
	GlobalSection(SolutionConfigurationPlatforms) = preSolution
		Debug|Any CPU = Debug|Any CPU
		Release|Any CPU = Release|Any CPU
	EndGlobalSection
	GlobalSection(ProjectConfigurationPlatforms) = postSolution
		{E949AC63-0666-47B1-86DE-AE96DBFDE474}.Debug|Any CPU.ActiveCfg = Debug|Any CPU
		{E949AC63-0666-47B1-86DE-AE96DBFDE474}.Debug|Any CPU.Build.0 = Debug|Any CPU
		{E949AC63-0666-47B1-86DE-AE96DBFDE474}.Release|Any CPU.ActiveCfg = Release|Any CPU
		{E949AC63-0666-47B1-86DE-AE96DBFDE474}.Release|Any CPU.Build.0 = Release|Any CPU
		{60CD3C4B-166C-4334-A31D-F76A856FA0D9}.Debug|Any CPU.ActiveCfg = Debug|Any CPU
		{60CD3C4B-166C-4334-A31D-F76A856FA0D9}.Debug|Any CPU.Build.0 = Debug|Any CPU
		{60CD3C4B-166C-4334-A31D-F76A856FA0D9}.Release|Any CPU.ActiveCfg = Release|Any CPU
		{60CD3C4B-166C-4334-A31D-F76A856FA0D9}.Release|Any CPU.Build.0 = Release|Any CPU
		{D8FC167F-CDA6-483D-B1CF-69DF370064AE}.Debug|Any CPU.ActiveCfg = Debug|Any CPU
		{D8FC167F-CDA6-483D-B1CF-69DF370064AE}.Debug|Any CPU.Build.0 = Debug|Any CPU
		{D8FC167F-CDA6-483D-B1CF-69DF370064AE}.Release|Any CPU.ActiveCfg = Release|Any CPU
		{D8FC167F-CDA6-483D-B1CF-69DF370064AE}.Release|Any CPU.Build.0 = Release|Any CPU
		{282426EB-0A4C-41A2-B8B9-FB02F4531FD4}.Debug|Any CPU.ActiveCfg = Debug|Any CPU
		{282426EB-0A4C-41A2-B8B9-FB02F4531FD4}.Debug|Any CPU.Build.0 = Debug|Any CPU
		{282426EB-0A4C-41A2-B8B9-FB02F4531FD4}.Release|Any CPU.ActiveCfg = Release|Any CPU
		{282426EB-0A4C-41A2-B8B9-FB02F4531FD4}.Release|Any CPU.Build.0 = Release|Any CPU
	EndGlobalSection
	GlobalSection(SolutionProperties) = preSolution
		HideSolutionNode = FALSE
	EndGlobalSection
	GlobalSection(ExtensibilityGlobals) = postSolution
		SolutionGuid = {AFDABB0C-C1FC-4B63-A0DA-D265A3A0F7BF}
	EndGlobalSection
EndGlobal
